
Microsoft Visual Studio Solution File, Format Version 12.00
# Visual Studio Version 16
VisualStudioVersion = 16.0.30523.141
MinimumVisualStudioVersion = 10.0.40219.1
Project("{FAE04EC0-301F-11D3-BF4B-00C04F79EFBC}") = "ConsoleApp", "ConsoleApp\ConsoleApp.csproj", "{64A03B80-64DA-49FB-8BBD-35526F471C0D}"
EndProject
Global
	GlobalSection(SolutionConfigurationPlatforms) = preSolution
		Debug|Any CPU = Debug|Any CPU
		Release|Any CPU = Release|Any CPU
	EndGlobalSection
	GlobalSection(ProjectConfigurationPlatforms) = postSolution
		{64A03B80-64DA-49FB-8BBD-35526F471C0D}.Debug|Any CPU.ActiveCfg = Debug|Any CPU
		{64A03B80-64DA-49FB-8BBD-35526F471C0D}.Debug|Any CPU.Build.0 = Debug|Any CPU
		{64A03B80-64DA-49FB-8BBD-35526F471C0D}.Release|Any CPU.ActiveCfg = Release|Any CPU
		{64A03B80-64DA-49FB-8BBD-35526F471C0D}.Release|Any CPU.Build.0 = Release|Any CPU
	EndGlobalSection
	GlobalSection(SolutionProperties) = preSolution
		HideSolutionNode = FALSE
	EndGlobalSection
	GlobalSection(ExtensibilityGlobals) = postSolution
		SolutionGuid = {1BA54BEF-4AAC-467A-81EF-E3150F29DDCB}
	EndGlobalSection
EndGlobal
